
Microsoft Visual Studio Solution File, Format Version 12.00
# Visual Studio 14
VisualStudioVersion = 14.0.25420.1
MinimumVisualStudioVersion = 10.0.40219.1
Project("{FAE04EC0-301F-11D3-BF4B-00C04F79EFBC}") = "TestSolutions.Domain", "TestSolutions.Domain\TestSolutions.Domain.csproj", "{87844579-7587-4338-8FC1-F92A97C5CCCC}"
EndProject
Project("{FAE04EC0-301F-11D3-BF4B-00C04F79EFBC}") = "TestSolutions.Domain.Tests", "TestSolutions.Domain.Tests\TestSolutions.Domain.Tests.csproj", "{E1D39920-3F16-4AAD-B964-07EEB96C4958}"
EndProject
Project("{FAE04EC0-301F-11D3-BF4B-00C04F79EFBC}") = "TestSolutions.Application", "TestSolutions.Application\TestSolutions.Application.csproj", "{0D0F8C62-AB35-4775-8EDC-D174FC56F484}"
EndProject
Project("{FAE04EC0-301F-11D3-BF4B-00C04F79EFBC}") = "TestSolutions.Application.Tests", "TestSolutions.Application.Tests\TestSolutions.Application.Tests.csproj", "{43B2CE52-3532-4BFE-B2F0-AAD172F3D938}"
EndProject
Project("{2150E333-8FDC-42A3-9474-1A3956D46DE8}") = "Test", "Test", "{6065B28F-4F82-4426-B3D5-C8A4607FE2B9}"
EndProject
Project("{FAE04EC0-301F-11D3-BF4B-00C04F79EFBC}") = "TestSolutions.Common", "TestSolutions.Common\TestSolutions.Common.csproj", "{81891658-F9AF-4BB8-8ED8-84C0E6328FE5}"
EndProject
Project("{FAE04EC0-301F-11D3-BF4B-00C04F79EFBC}") = "TestSolutions.Repository.EF", "TestSolutions.Repository.EF\TestSolutions.Repository.EF.csproj", "{1E0532FB-A5CF-4A93-A3F2-2A498D27969D}"
EndProject
Project("{FAE04EC0-301F-11D3-BF4B-00C04F79EFBC}") = "TestSolutions.Service", "TestSolutions.Service\TestSolutions.Service.csproj", "{B305171F-9287-4DC1-A294-6848F289CE59}"
EndProject
Project("{FAE04EC0-301F-11D3-BF4B-00C04F79EFBC}") = "TestSolutions.Service.Tests", "TestSolutions.Service.Tests\TestSolutions.Service.Tests.csproj", "{267EDCB4-FF83-4672-9E81-3FA3190D327F}"
EndProject
Project("{FAE04EC0-301F-11D3-BF4B-00C04F79EFBC}") = "TestSolutions.OrderPlanner", "TestSolutions.OrderPlanner\TestSolutions.OrderPlanner.csproj", "{212AA2E3-D9D0-40D6-8439-9D17CA299CBF}"
EndProject
Global
	GlobalSection(SolutionConfigurationPlatforms) = preSolution
		Debug|Any CPU = Debug|Any CPU
		Release|Any CPU = Release|Any CPU
	EndGlobalSection
	GlobalSection(ProjectConfigurationPlatforms) = postSolution
		{87844579-7587-4338-8FC1-F92A97C5CCCC}.Debug|Any CPU.ActiveCfg = Debug|Any CPU
		{87844579-7587-4338-8FC1-F92A97C5CCCC}.Debug|Any CPU.Build.0 = Debug|Any CPU
		{87844579-7587-4338-8FC1-F92A97C5CCCC}.Release|Any CPU.ActiveCfg = Release|Any CPU
		{87844579-7587-4338-8FC1-F92A97C5CCCC}.Release|Any CPU.Build.0 = Release|Any CPU
		{E1D39920-3F16-4AAD-B964-07EEB96C4958}.Debug|Any CPU.ActiveCfg = Debug|Any CPU
		{E1D39920-3F16-4AAD-B964-07EEB96C4958}.Debug|Any CPU.Build.0 = Debug|Any CPU
		{E1D39920-3F16-4AAD-B964-07EEB96C4958}.Release|Any CPU.ActiveCfg = Release|Any CPU
		{E1D39920-3F16-4AAD-B964-07EEB96C4958}.Release|Any CPU.Build.0 = Release|Any CPU
		{0D0F8C62-AB35-4775-8EDC-D174FC56F484}.Debug|Any CPU.ActiveCfg = Debug|Any CPU
		{0D0F8C62-AB35-4775-8EDC-D174FC56F484}.Debug|Any CPU.Build.0 = Debug|Any CPU
		{0D0F8C62-AB35-4775-8EDC-D174FC56F484}.Release|Any CPU.ActiveCfg = Release|Any CPU
		{0D0F8C62-AB35-4775-8EDC-D174FC56F484}.Release|Any CPU.Build.0 = Release|Any CPU
		{43B2CE52-3532-4BFE-B2F0-AAD172F3D938}.Debug|Any CPU.ActiveCfg = Debug|Any CPU
		{43B2CE52-3532-4BFE-B2F0-AAD172F3D938}.Debug|Any CPU.Build.0 = Debug|Any CPU
		{43B2CE52-3532-4BFE-B2F0-AAD172F3D938}.Release|Any CPU.ActiveCfg = Release|Any CPU
		{43B2CE52-3532-4BFE-B2F0-AAD172F3D938}.Release|Any CPU.Build.0 = Release|Any CPU
		{81891658-F9AF-4BB8-8ED8-84C0E6328FE5}.Debug|Any CPU.ActiveCfg = Debug|Any CPU
		{81891658-F9AF-4BB8-8ED8-84C0E6328FE5}.Debug|Any CPU.Build.0 = Debug|Any CPU
		{81891658-F9AF-4BB8-8ED8-84C0E6328FE5}.Release|Any CPU.ActiveCfg = Release|Any CPU
		{81891658-F9AF-4BB8-8ED8-84C0E6328FE5}.Release|Any CPU.Build.0 = Release|Any CPU
		{1E0532FB-A5CF-4A93-A3F2-2A498D27969D}.Debug|Any CPU.ActiveCfg = Debug|Any CPU
		{1E0532FB-A5CF-4A93-A3F2-2A498D27969D}.Debug|Any CPU.Build.0 = Debug|Any CPU
		{1E0532FB-A5CF-4A93-A3F2-2A498D27969D}.Release|Any CPU.ActiveCfg = Release|Any CPU
		{1E0532FB-A5CF-4A93-A3F2-2A498D27969D}.Release|Any CPU.Build.0 = Release|Any CPU
		{B305171F-9287-4DC1-A294-6848F289CE59}.Debug|Any CPU.ActiveCfg = Debug|Any CPU
		{B305171F-9287-4DC1-A294-6848F289CE59}.Debug|Any CPU.Build.0 = Debug|Any CPU
		{B305171F-9287-4DC1-A294-6848F289CE59}.Release|Any CPU.ActiveCfg = Release|Any CPU
		{B305171F-9287-4DC1-A294-6848F289CE59}.Release|Any CPU.Build.0 = Release|Any CPU
		{267EDCB4-FF83-4672-9E81-3FA3190D327F}.Debug|Any CPU.ActiveCfg = Debug|Any CPU
		{267EDCB4-FF83-4672-9E81-3FA3190D327F}.Debug|Any CPU.Build.0 = Debug|Any CPU
		{267EDCB4-FF83-4672-9E81-3FA3190D327F}.Release|Any CPU.ActiveCfg = Release|Any CPU
		{267EDCB4-FF83-4672-9E81-3FA3190D327F}.Release|Any CPU.Build.0 = Release|Any CPU
		{212AA2E3-D9D0-40D6-8439-9D17CA299CBF}.Debug|Any CPU.ActiveCfg = Debug|Any CPU
		{212AA2E3-D9D0-40D6-8439-9D17CA299CBF}.Debug|Any CPU.Build.0 = Debug|Any CPU
		{212AA2E3-D9D0-40D6-8439-9D17CA299CBF}.Release|Any CPU.ActiveCfg = Release|Any CPU
		{212AA2E3-D9D0-40D6-8439-9D17CA299CBF}.Release|Any CPU.Build.0 = Release|Any CPU
	EndGlobalSection
	GlobalSection(SolutionProperties) = preSolution
		HideSolutionNode = FALSE
	EndGlobalSection
	GlobalSection(NestedProjects) = preSolution
		{E1D39920-3F16-4AAD-B964-07EEB96C4958} = {6065B28F-4F82-4426-B3D5-C8A4607FE2B9}
		{43B2CE52-3532-4BFE-B2F0-AAD172F3D938} = {6065B28F-4F82-4426-B3D5-C8A4607FE2B9}
		{267EDCB4-FF83-4672-9E81-3FA3190D327F} = {6065B28F-4F82-4426-B3D5-C8A4607FE2B9}
	EndGlobalSection
EndGlobal
